
Microsoft Visual Studio Solution File, Format Version 12.00
# Visual Studio Version 17
VisualStudioVersion = 17.9.34728.123
MinimumVisualStudioVersion = 10.0.40219.1
Project("{9A19103F-16F7-4668-BE54-9A1E7A4F7556}") = "ConsoleApp1", "ConsoleApp1\ConsoleApp1.csproj", "{C1A4406E-3A85-4623-986A-D86474EF6758}"
EndProject
Project("{9A19103F-16F7-4668-BE54-9A1E7A4F7556}") = "ConsoleApp2", "ConsoleApp2\ConsoleApp2.csproj", "{E151AC47-A7C9-4A66-B953-1D3BAA76ECDB}"
EndProject
Project("{9A19103F-16F7-4668-BE54-9A1E7A4F7556}") = "ConsoleApp3", "ConsoleApp3\ConsoleApp3.csproj", "{B8643656-B298-4236-B673-ED2880C34F97}"
EndProject
Project("{9A19103F-16F7-4668-BE54-9A1E7A4F7556}") = "ConsoleApp4", "ConsoleApp4\ConsoleApp4.csproj", "{F2CFB81D-BD5B-4510-A907-A432CEF911FC}"
EndProject
Project("{FAE04EC0-301F-11D3-BF4B-00C04F79EFBC}") = "ConsoleApp5", "ConsoleApp5\ConsoleApp5.csproj", "{D670FEFD-A0B5-4A7A-B6AA-B09DE8FDB804}"
EndProject
Global
	GlobalSection(SolutionConfigurationPlatforms) = preSolution
		Debug|Any CPU = Debug|Any CPU
		Release|Any CPU = Release|Any CPU
	EndGlobalSection
	GlobalSection(ProjectConfigurationPlatforms) = postSolution
		{C1A4406E-3A85-4623-986A-D86474EF6758}.Debug|Any CPU.ActiveCfg = Debug|Any CPU
		{C1A4406E-3A85-4623-986A-D86474EF6758}.Debug|Any CPU.Build.0 = Debug|Any CPU
		{C1A4406E-3A85-4623-986A-D86474EF6758}.Release|Any CPU.ActiveCfg = Release|Any CPU
		{C1A4406E-3A85-4623-986A-D86474EF6758}.Release|Any CPU.Build.0 = Release|Any CPU
		{E151AC47-A7C9-4A66-B953-1D3BAA76ECDB}.Debug|Any CPU.ActiveCfg = Debug|Any CPU
		{E151AC47-A7C9-4A66-B953-1D3BAA76ECDB}.Debug|Any CPU.Build.0 = Debug|Any CPU
		{E151AC47-A7C9-4A66-B953-1D3BAA76ECDB}.Release|Any CPU.ActiveCfg = Release|Any CPU
		{E151AC47-A7C9-4A66-B953-1D3BAA76ECDB}.Release|Any CPU.Build.0 = Release|Any CPU
		{B8643656-B298-4236-B673-ED2880C34F97}.Debug|Any CPU.ActiveCfg = Debug|Any CPU
		{B8643656-B298-4236-B673-ED2880C34F97}.Debug|Any CPU.Build.0 = Debug|Any CPU
		{B8643656-B298-4236-B673-ED2880C34F97}.Release|Any CPU.ActiveCfg = Release|Any CPU
		{B8643656-B298-4236-B673-ED2880C34F97}.Release|Any CPU.Build.0 = Release|Any CPU
		{F2CFB81D-BD5B-4510-A907-A432CEF911FC}.Debug|Any CPU.ActiveCfg = Debug|Any CPU
		{F2CFB81D-BD5B-4510-A907-A432CEF911FC}.Debug|Any CPU.Build.0 = Debug|Any CPU
		{F2CFB81D-BD5B-4510-A907-A432CEF911FC}.Release|Any CPU.ActiveCfg = Release|Any CPU
		{F2CFB81D-BD5B-4510-A907-A432CEF911FC}.Release|Any CPU.Build.0 = Release|Any CPU
		{D670FEFD-A0B5-4A7A-B6AA-B09DE8FDB804}.Debug|Any CPU.ActiveCfg = Debug|Any CPU
		{D670FEFD-A0B5-4A7A-B6AA-B09DE8FDB804}.Debug|Any CPU.Build.0 = Debug|Any CPU
		{D670FEFD-A0B5-4A7A-B6AA-B09DE8FDB804}.Release|Any CPU.ActiveCfg = Release|Any CPU
		{D670FEFD-A0B5-4A7A-B6AA-B09DE8FDB804}.Release|Any CPU.Build.0 = Release|Any CPU
	EndGlobalSection
	GlobalSection(SolutionProperties) = preSolution
		HideSolutionNode = FALSE
	EndGlobalSection
	GlobalSection(ExtensibilityGlobals) = postSolution
		SolutionGuid = {14C000A5-2429-4F93-810E-3CD9F64BB470}
	EndGlobalSection
EndGlobal
